
Microsoft Visual Studio Solution File, Format Version 12.00
# Visual Studio Version 17
VisualStudioVersion = 17.9.34728.123
MinimumVisualStudioVersion = 10.0.40219.1
Project("{FAE04EC0-301F-11D3-BF4B-00C04F79EFBC}") = "BeeAcct29_Automation", "BeeAcct29_Atomation\BeeAcct29_Automation.csproj", "{72781769-045F-4F2F-9084-1CCB30059D15}"
EndProject
Global
	GlobalSection(SolutionConfigurationPlatforms) = preSolution
		Debug|Any CPU = Debug|Any CPU
		Release|Any CPU = Release|Any CPU
	EndGlobalSection
	GlobalSection(ProjectConfigurationPlatforms) = postSolution
		{72781769-045F-4F2F-9084-1CCB30059D15}.Debug|Any CPU.ActiveCfg = Debug|Any CPU
		{72781769-045F-4F2F-9084-1CCB30059D15}.Debug|Any CPU.Build.0 = Debug|Any CPU
		{72781769-045F-4F2F-9084-1CCB30059D15}.Release|Any CPU.ActiveCfg = Release|Any CPU
		{72781769-045F-4F2F-9084-1CCB30059D15}.Release|Any CPU.Build.0 = Release|Any CPU
	EndGlobalSection
	GlobalSection(SolutionProperties) = preSolution
		HideSolutionNode = FALSE
	EndGlobalSection
	GlobalSection(ExtensibilityGlobals) = postSolution
		SolutionGuid = {1ACC3EB2-87E8-414D-BA6F-55B581BE89AF}
	EndGlobalSection
EndGlobal
